{
  "requires": true,
  "lockfileVersion": 1,
  "dependencies": {
    "active-record-for-mysql": {
      "version": "1.0.2",
      "resolved": "https://registry.npmjs.org/active-record-for-mysql/-/active-record-for-mysql-1.0.1.tgz",
      "integrity": "sha512-gMSoc+clG7uAlFBiW+w8L2/wMkgYWt2X4OfEoMKTyb5ahYu/TP73UpPviM4DYANu8xemZF48xXG49N5mQu9CmA=="
    }
  }
}
